
Microsoft Visual Studio Solution File, Format Version 12.00
# Visual Studio Version 17
VisualStudioVersion = 17.5.002.0
MinimumVisualStudioVersion = 10.0.40219.1
Project("{2150E333-8FDC-42A3-9474-1A3956D46DE8}") = "sandbox", "sandbox", "{7CA3E06D-8690-4452-B35D-8DD6A14E4A70}"
EndProject
Project("{9A19103F-16F7-4668-BE54-9A1E7A4F7556}") = "sandbox_project", "sandbox\sandbox_project\sandbox_project.csproj", "{05D9AEFB-5551-4709-B050-8E6E06CFB528}"
EndProject
Project("{2150E333-8FDC-42A3-9474-1A3956D46DE8}") = "week01", "week01", "{307FCF0D-501A-481B-8B1E-FB7BEEBA1D5A}"
EndProject
Project("{9A19103F-16F7-4668-BE54-9A1E7A4F7556}") = "analyze", "week01\analyze\analyze.csproj", "{F6EBD5B2-6969-4924-B82A-DF7106D21D41}"
EndProject
Project("{9A19103F-16F7-4668-BE54-9A1E7A4F7556}") = "code", "week01\code\code.csproj", "{08875312-5D92-409F-AD87-E2E36859F03A}"
EndProject
Project("{9A19103F-16F7-4668-BE54-9A1E7A4F7556}") = "teach", "week01\teach\teach.csproj", "{73755984-DF30-4AA3-9BE5-EC3F44DA2F27}"
EndProject
Project("{2150E333-8FDC-42A3-9474-1A3956D46DE8}") = "week02", "week02", "{090F234E-B6C2-48D7-AA9E-7F4C56A84065}"
EndProject
Project("{9A19103F-16F7-4668-BE54-9A1E7A4F7556}") = "analyze", "week02\analyze\analyze.csproj", "{F1DA5905-2796-4B78-96C2-38C2145BE62A}"
EndProject
Project("{9A19103F-16F7-4668-BE54-9A1E7A4F7556}") = "code", "week02\code\code.csproj", "{0D2F3268-A6F4-473F-ACF7-8E036DF3EE6C}"
EndProject
Project("{9A19103F-16F7-4668-BE54-9A1E7A4F7556}") = "learn", "week02\learn\learn.csproj", "{74C8E1A0-0E49-4D9D-8728-7AD75CC22478}"
EndProject
Project("{9A19103F-16F7-4668-BE54-9A1E7A4F7556}") = "teach", "week02\teach\teach.csproj", "{ED456895-BFE5-4FF4-8B15-1E00BE4955FD}"
EndProject
Project("{2150E333-8FDC-42A3-9474-1A3956D46DE8}") = "week03", "week03", "{2B973CA5-3BE5-4857-B798-27DA13DC6884}"
EndProject
Project("{9A19103F-16F7-4668-BE54-9A1E7A4F7556}") = "code", "week03\code\code.csproj", "{94B05857-2461-40D8-8D6F-6FED5C45B1F9}"
EndProject
Project("{9A19103F-16F7-4668-BE54-9A1E7A4F7556}") = "learn", "week03\learn\learn.csproj", "{E4EF8381-43F6-45B6-A695-F2AD375247AA}"
EndProject
Project("{9A19103F-16F7-4668-BE54-9A1E7A4F7556}") = "teach", "week03\teach\teach.csproj", "{F0751E1D-0279-42C6-BAE3-78B78D762902}"
EndProject
Project("{2150E333-8FDC-42A3-9474-1A3956D46DE8}") = "week04", "week04", "{F6DF09D9-FE54-474D-A411-B65D20D0DB27}"
EndProject
Project("{9A19103F-16F7-4668-BE54-9A1E7A4F7556}") = "code", "week04\code\code.csproj", "{0032C48C-0CFF-4FD4-89EF-D60D07907F21}"
EndProject
Project("{2150E333-8FDC-42A3-9474-1A3956D46DE8}") = "week05", "week05", "{00F10621-1AE9-4B73-8D4E-94EFC4449064}"
EndProject
Project("{9A19103F-16F7-4668-BE54-9A1E7A4F7556}") = "code", "week05\code\code.csproj", "{B9200098-8EB5-4078-AAEC-9E1163984F93}"
EndProject
Project("{2150E333-8FDC-42A3-9474-1A3956D46DE8}") = "week06", "week06", "{EE34AF94-B41D-4719-91F5-7737F87C8A1B}"
EndProject
Project("{9A19103F-16F7-4668-BE54-9A1E7A4F7556}") = "code", "week06\code\code.csproj", "{B0E4CA56-AFFB-45A7-8F26-B3A97814C99F}"
EndProject
Global
	GlobalSection(SolutionConfigurationPlatforms) = preSolution
		Debug|Any CPU = Debug|Any CPU
		Release|Any CPU = Release|Any CPU
	EndGlobalSection
	GlobalSection(ProjectConfigurationPlatforms) = postSolution
		{05D9AEFB-5551-4709-B050-8E6E06CFB528}.Debug|Any CPU.ActiveCfg = Debug|Any CPU
		{05D9AEFB-5551-4709-B050-8E6E06CFB528}.Debug|Any CPU.Build.0 = Debug|Any CPU
		{05D9AEFB-5551-4709-B050-8E6E06CFB528}.Release|Any CPU.ActiveCfg = Release|Any CPU
		{05D9AEFB-5551-4709-B050-8E6E06CFB528}.Release|Any CPU.Build.0 = Release|Any CPU
		{F6EBD5B2-6969-4924-B82A-DF7106D21D41}.Debug|Any CPU.ActiveCfg = Debug|Any CPU
		{F6EBD5B2-6969-4924-B82A-DF7106D21D41}.Debug|Any CPU.Build.0 = Debug|Any CPU
		{F6EBD5B2-6969-4924-B82A-DF7106D21D41}.Release|Any CPU.ActiveCfg = Release|Any CPU
		{F6EBD5B2-6969-4924-B82A-DF7106D21D41}.Release|Any CPU.Build.0 = Release|Any CPU
		{08875312-5D92-409F-AD87-E2E36859F03A}.Debug|Any CPU.ActiveCfg = Debug|Any CPU
		{08875312-5D92-409F-AD87-E2E36859F03A}.Debug|Any CPU.Build.0 = Debug|Any CPU
		{08875312-5D92-409F-AD87-E2E36859F03A}.Release|Any CPU.ActiveCfg = Release|Any CPU
		{08875312-5D92-409F-AD87-E2E36859F03A}.Release|Any CPU.Build.0 = Release|Any CPU
		{73755984-DF30-4AA3-9BE5-EC3F44DA2F27}.Debug|Any CPU.ActiveCfg = Debug|Any CPU
		{73755984-DF30-4AA3-9BE5-EC3F44DA2F27}.Debug|Any CPU.Build.0 = Debug|Any CPU
		{73755984-DF30-4AA3-9BE5-EC3F44DA2F27}.Release|Any CPU.ActiveCfg = Release|Any CPU
		{73755984-DF30-4AA3-9BE5-EC3F44DA2F27}.Release|Any CPU.Build.0 = Release|Any CPU
		{F1DA5905-2796-4B78-96C2-38C2145BE62A}.Debug|Any CPU.ActiveCfg = Debug|Any CPU
		{F1DA5905-2796-4B78-96C2-38C2145BE62A}.Debug|Any CPU.Build.0 = Debug|Any CPU
		{F1DA5905-2796-4B78-96C2-38C2145BE62A}.Release|Any CPU.ActiveCfg = Release|Any CPU
		{F1DA5905-2796-4B78-96C2-38C2145BE62A}.Release|Any CPU.Build.0 = Release|Any CPU
		{0D2F3268-A6F4-473F-ACF7-8E036DF3EE6C}.Debug|Any CPU.ActiveCfg = Debug|Any CPU
		{0D2F3268-A6F4-473F-ACF7-8E036DF3EE6C}.Debug|Any CPU.Build.0 = Debug|Any CPU
		{0D2F3268-A6F4-473F-ACF7-8E036DF3EE6C}.Release|Any CPU.ActiveCfg = Release|Any CPU
		{0D2F3268-A6F4-473F-ACF7-8E036DF3EE6C}.Release|Any CPU.Build.0 = Release|Any CPU
		{74C8E1A0-0E49-4D9D-8728-7AD75CC22478}.Debug|Any CPU.ActiveCfg = Debug|Any CPU
		{74C8E1A0-0E49-4D9D-8728-7AD75CC22478}.Debug|Any CPU.Build.0 = Debug|Any CPU
		{74C8E1A0-0E49-4D9D-8728-7AD75CC22478}.Release|Any CPU.ActiveCfg = Release|Any CPU
		{74C8E1A0-0E49-4D9D-8728-7AD75CC22478}.Release|Any CPU.Build.0 = Release|Any CPU
		{ED456895-BFE5-4FF4-8B15-1E00BE4955FD}.Debug|Any CPU.ActiveCfg = Debug|Any CPU
		{ED456895-BFE5-4FF4-8B15-1E00BE4955FD}.Debug|Any CPU.Build.0 = Debug|Any CPU
		{ED456895-BFE5-4FF4-8B15-1E00BE4955FD}.Release|Any CPU.ActiveCfg = Release|Any CPU
		{ED456895-BFE5-4FF4-8B15-1E00BE4955FD}.Release|Any CPU.Build.0 = Release|Any CPU
		{94B05857-2461-40D8-8D6F-6FED5C45B1F9}.Debug|Any CPU.ActiveCfg = Debug|Any CPU
		{94B05857-2461-40D8-8D6F-6FED5C45B1F9}.Debug|Any CPU.Build.0 = Debug|Any CPU
		{94B05857-2461-40D8-8D6F-6FED5C45B1F9}.Release|Any CPU.ActiveCfg = Release|Any CPU
		{94B05857-2461-40D8-8D6F-6FED5C45B1F9}.Release|Any CPU.Build.0 = Release|Any CPU
		{E4EF8381-43F6-45B6-A695-F2AD375247AA}.Debug|Any CPU.ActiveCfg = Debug|Any CPU
		{E4EF8381-43F6-45B6-A695-F2AD375247AA}.Debug|Any CPU.Build.0 = Debug|Any CPU
		{E4EF8381-43F6-45B6-A695-F2AD375247AA}.Release|Any CPU.ActiveCfg = Release|Any CPU
		{E4EF8381-43F6-45B6-A695-F2AD375247AA}.Release|Any CPU.Build.0 = Release|Any CPU
		{F0751E1D-0279-42C6-BAE3-78B78D762902}.Debug|Any CPU.ActiveCfg = Debug|Any CPU
		{F0751E1D-0279-42C6-BAE3-78B78D762902}.Debug|Any CPU.Build.0 = Debug|Any CPU
		{F0751E1D-0279-42C6-BAE3-78B78D762902}.Release|Any CPU.ActiveCfg = Release|Any CPU
		{F0751E1D-0279-42C6-BAE3-78B78D762902}.Release|Any CPU.Build.0 = Release|Any CPU
		{0032C48C-0CFF-4FD4-89EF-D60D07907F21}.Debug|Any CPU.ActiveCfg = Debug|Any CPU
		{0032C48C-0CFF-4FD4-89EF-D60D07907F21}.Debug|Any CPU.Build.0 = Debug|Any CPU
		{0032C48C-0CFF-4FD4-89EF-D60D07907F21}.Release|Any CPU.ActiveCfg = Release|Any CPU
		{0032C48C-0CFF-4FD4-89EF-D60D07907F21}.Release|Any CPU.Build.0 = Release|Any CPU
		{B9200098-8EB5-4078-AAEC-9E1163984F93}.Debug|Any CPU.ActiveCfg = Debug|Any CPU
		{B9200098-8EB5-4078-AAEC-9E1163984F93}.Debug|Any CPU.Build.0 = Debug|Any CPU
		{B9200098-8EB5-4078-AAEC-9E1163984F93}.Release|Any CPU.ActiveCfg = Release|Any CPU
		{B9200098-8EB5-4078-AAEC-9E1163984F93}.Release|Any CPU.Build.0 = Release|Any CPU
		{B0E4CA56-AFFB-45A7-8F26-B3A97814C99F}.Debug|Any CPU.ActiveCfg = Debug|Any CPU
		{B0E4CA56-AFFB-45A7-8F26-B3A97814C99F}.Debug|Any CPU.Build.0 = Debug|Any CPU
		{B0E4CA56-AFFB-45A7-8F26-B3A97814C99F}.Release|Any CPU.ActiveCfg = Release|Any CPU
		{B0E4CA56-AFFB-45A7-8F26-B3A97814C99F}.Release|Any CPU.Build.0 = Release|Any CPU
	EndGlobalSection
	GlobalSection(SolutionProperties) = preSolution
		HideSolutionNode = FALSE
	EndGlobalSection
	GlobalSection(NestedProjects) = preSolution
		{05D9AEFB-5551-4709-B050-8E6E06CFB528} = {7CA3E06D-8690-4452-B35D-8DD6A14E4A70}
		{F6EBD5B2-6969-4924-B82A-DF7106D21D41} = {307FCF0D-501A-481B-8B1E-FB7BEEBA1D5A}
		{08875312-5D92-409F-AD87-E2E36859F03A} = {307FCF0D-501A-481B-8B1E-FB7BEEBA1D5A}
		{73755984-DF30-4AA3-9BE5-EC3F44DA2F27} = {307FCF0D-501A-481B-8B1E-FB7BEEBA1D5A}
		{F1DA5905-2796-4B78-96C2-38C2145BE62A} = {090F234E-B6C2-48D7-AA9E-7F4C56A84065}
		{0D2F3268-A6F4-473F-ACF7-8E036DF3EE6C} = {090F234E-B6C2-48D7-AA9E-7F4C56A84065}
		{74C8E1A0-0E49-4D9D-8728-7AD75CC22478} = {090F234E-B6C2-48D7-AA9E-7F4C56A84065}
		{ED456895-BFE5-4FF4-8B15-1E00BE4955FD} = {090F234E-B6C2-48D7-AA9E-7F4C56A84065}
		{94B05857-2461-40D8-8D6F-6FED5C45B1F9} = {2B973CA5-3BE5-4857-B798-27DA13DC6884}
		{E4EF8381-43F6-45B6-A695-F2AD375247AA} = {2B973CA5-3BE5-4857-B798-27DA13DC6884}
		{F0751E1D-0279-42C6-BAE3-78B78D762902} = {2B973CA5-3BE5-4857-B798-27DA13DC6884}
		{0032C48C-0CFF-4FD4-89EF-D60D07907F21} = {F6DF09D9-FE54-474D-A411-B65D20D0DB27}
		{B9200098-8EB5-4078-AAEC-9E1163984F93} = {00F10621-1AE9-4B73-8D4E-94EFC4449064}
		{B0E4CA56-AFFB-45A7-8F26-B3A97814C99F} = {EE34AF94-B41D-4719-91F5-7737F87C8A1B}
	EndGlobalSection
	GlobalSection(ExtensibilityGlobals) = postSolution
		SolutionGuid = {A612C35F-B3BA-4C46-870C-4FE738AB8355}
	EndGlobalSection
EndGlobal
